
Microsoft Visual Studio Solution File, Format Version 12.00
# Visual Studio Version 16
VisualStudioVersion = 16.0.31005.135
MinimumVisualStudioVersion = 10.0.40219.1
Project("{9A19103F-16F7-4668-BE54-9A1E7A4F7556}") = "FIASApi.Model", "FIASApi.Model\FIASApi.Model.csproj", "{C7686286-8677-4B20-B001-B371EF329867}"
EndProject
Project("{9A19103F-16F7-4668-BE54-9A1E7A4F7556}") = "FIASApi.Api", "FIASApi.Api\FIASApi.Api.csproj", "{40B515CA-C51A-49D4-A324-EDF12F539391}"
EndProject
Project("{9A19103F-16F7-4668-BE54-9A1E7A4F7556}") = "FIASApi.Api.ControllerTests", "FIASApi.Api.ControllerTests\FIASApi.Api.ControllerTests.csproj", "{442B7FBD-0959-4687-9B85-BD4FFD45C94B}"
EndProject
Project("{9A19103F-16F7-4668-BE54-9A1E7A4F7556}") = "FIASApi.Model.Tests", "FIASApi.Model.Tests\FIASApi.Model.Tests.csproj", "{9A982FD2-B204-4C75-9C04-B124CC2139C2}"
EndProject
Project("{FAE04EC0-301F-11D3-BF4B-00C04F79EFBC}") = "FIASApi.HttpClients", "FIASApi.HttpClients\FIASApi.HttpClients.csproj", "{4C70D55C-04A9-4635-AD9D-8B5F938177D2}"
EndProject
Project("{FAE04EC0-301F-11D3-BF4B-00C04F79EFBC}") = "FIASApi.HttpClients.Tests", "FIASApi.HttpClients.Tests\FIASApi.HttpClients.Tests.csproj", "{9389610D-A67D-417B-923B-EEA49E236A92}"
EndProject
Global
	GlobalSection(SolutionConfigurationPlatforms) = preSolution
		Debug|Any CPU = Debug|Any CPU
		Release|Any CPU = Release|Any CPU
	EndGlobalSection
	GlobalSection(ProjectConfigurationPlatforms) = postSolution
		{C7686286-8677-4B20-B001-B371EF329867}.Debug|Any CPU.ActiveCfg = Debug|Any CPU
		{C7686286-8677-4B20-B001-B371EF329867}.Debug|Any CPU.Build.0 = Debug|Any CPU
		{C7686286-8677-4B20-B001-B371EF329867}.Release|Any CPU.ActiveCfg = Release|Any CPU
		{C7686286-8677-4B20-B001-B371EF329867}.Release|Any CPU.Build.0 = Release|Any CPU
		{40B515CA-C51A-49D4-A324-EDF12F539391}.Debug|Any CPU.ActiveCfg = Debug|Any CPU
		{40B515CA-C51A-49D4-A324-EDF12F539391}.Debug|Any CPU.Build.0 = Debug|Any CPU
		{40B515CA-C51A-49D4-A324-EDF12F539391}.Release|Any CPU.ActiveCfg = Release|Any CPU
		{40B515CA-C51A-49D4-A324-EDF12F539391}.Release|Any CPU.Build.0 = Release|Any CPU
		{442B7FBD-0959-4687-9B85-BD4FFD45C94B}.Debug|Any CPU.ActiveCfg = Debug|Any CPU
		{442B7FBD-0959-4687-9B85-BD4FFD45C94B}.Debug|Any CPU.Build.0 = Debug|Any CPU
		{442B7FBD-0959-4687-9B85-BD4FFD45C94B}.Release|Any CPU.ActiveCfg = Release|Any CPU
		{442B7FBD-0959-4687-9B85-BD4FFD45C94B}.Release|Any CPU.Build.0 = Release|Any CPU
		{9A982FD2-B204-4C75-9C04-B124CC2139C2}.Debug|Any CPU.ActiveCfg = Debug|Any CPU
		{9A982FD2-B204-4C75-9C04-B124CC2139C2}.Debug|Any CPU.Build.0 = Debug|Any CPU
		{9A982FD2-B204-4C75-9C04-B124CC2139C2}.Release|Any CPU.ActiveCfg = Release|Any CPU
		{9A982FD2-B204-4C75-9C04-B124CC2139C2}.Release|Any CPU.Build.0 = Release|Any CPU
		{4C70D55C-04A9-4635-AD9D-8B5F938177D2}.Debug|Any CPU.ActiveCfg = Debug|Any CPU
		{4C70D55C-04A9-4635-AD9D-8B5F938177D2}.Debug|Any CPU.Build.0 = Debug|Any CPU
		{4C70D55C-04A9-4635-AD9D-8B5F938177D2}.Release|Any CPU.ActiveCfg = Release|Any CPU
		{4C70D55C-04A9-4635-AD9D-8B5F938177D2}.Release|Any CPU.Build.0 = Release|Any CPU
		{9389610D-A67D-417B-923B-EEA49E236A92}.Debug|Any CPU.ActiveCfg = Debug|Any CPU
		{9389610D-A67D-417B-923B-EEA49E236A92}.Debug|Any CPU.Build.0 = Debug|Any CPU
		{9389610D-A67D-417B-923B-EEA49E236A92}.Release|Any CPU.ActiveCfg = Release|Any CPU
		{9389610D-A67D-417B-923B-EEA49E236A92}.Release|Any CPU.Build.0 = Release|Any CPU
	EndGlobalSection
	GlobalSection(SolutionProperties) = preSolution
		HideSolutionNode = FALSE
	EndGlobalSection
	GlobalSection(ExtensibilityGlobals) = postSolution
		SolutionGuid = {FBC11323-8D2B-4631-B9A5-0AE45642AE21}
	EndGlobalSection
EndGlobal
